[{<<"bucs">>,{pkg,<<"bucs">>,<<"1.0.3">>},0},
 {<<"doteki">>,{pkg,<<"doteki">>,<<"1.0.3">>},0},
 {<<"goldrush">>,{pkg,<<"goldrush">>,<<"0.1.8">>},1},
 {<<"lager">>,{pkg,<<"lager">>,<<"3.2.1">>},0},
 {<<"pt_helpers">>,
  {git,"https://github.com/emedia-project/pt_helpers.git",
       {ref,"65ee769401b9b36a0b3699455c49c65d910130ba"}},
  0},
 {<<"texas_adapter">>,
  {git,"https://github.com/emedia-project/texas_adapter.git",
       {ref,"7ade01a38f6ef6a336ab53b3c3ce7bafe48af9b5"}},
  0}].
