[{<<"bucs">>,{pkg,<<"bucs">>,<<"1.0.6">>},0},
 {<<"doteki">>,{pkg,<<"doteki">>,<<"1.0.5">>},0},
 {<<"goldrush">>,{pkg,<<"goldrush">>,<<"0.1.9">>},1},
 {<<"lager">>,{pkg,<<"lager">>,<<"3.2.4">>},0},
 {<<"pt_helpers">>,
  {git,"https://github.com/emedia-project/pt_helpers.git",
       {ref,"925bb67cf14d60349bcc9b88bd3288fc5e81148f"}},
  0},
 {<<"texas_adapter">>,
  {git,"https://github.com/emedia-project/texas_adapter.git",
       {ref,"38e16fc728a8b3db666c8feab3eca206495ba22f"}},
  0}].
